
Microsoft Visual Studio Solution File, Format Version 12.00
# Visual Studio Version 16
VisualStudioVersion = 16.0.28729.10
MinimumVisualStudioVersion = 10.0.40219.1
Project("{9A19103F-16F7-4668-BE54-9A1E7A4F7556}") = "MetaDslx.CodeAnalysis.CSharp", "Main\MetaDslx.CodeAnalysis.CSharp\MetaDslx.CodeAnalysis.CSharp.csproj", "{4AF052DC-20F4-4F5D-8631-10A458AF86FF}"
EndProject
Project("{9A19103F-16F7-4668-BE54-9A1E7A4F7556}") = "MetaDslx.CodeAnalysis.Meta", "Main\MetaDslx.CodeAnalysis.Meta\MetaDslx.CodeAnalysis.Meta.csproj", "{AA0ECA5D-DBAF-4E3F-A85F-9F18F8A1C03C}"
EndProject
Project("{9A19103F-16F7-4668-BE54-9A1E7A4F7556}") = "MetaDslx.Languages.Meta", "Main\MetaDslx.Languages.Meta\MetaDslx.Languages.Meta.csproj", "{BA598C0D-DE63-46C5-9FC0-881D918B3088}"
EndProject
Project("{9A19103F-16F7-4668-BE54-9A1E7A4F7556}") = "MetaDslx.Bootstrap", "Test\MetaDslx.Bootstrap\MetaDslx.Bootstrap.csproj", "{C317C78A-785A-4D47-A6D1-719ABBCB5EB1}"
EndProject
Project("{9A19103F-16F7-4668-BE54-9A1E7A4F7556}") = "MetaDslx.CodeAnalysis.Antlr4", "Main\MetaDslx.CodeAnalysis.Antlr4\MetaDslx.CodeAnalysis.Antlr4.csproj", "{2C630C7B-B5C1-4587-9382-D83B10A093EA}"
EndProject
Project("{9A19103F-16F7-4668-BE54-9A1E7A4F7556}") = "MetaDslx.BuildTasks", "Main\MetaDslx.BuildTasks\MetaDslx.BuildTasks.csproj", "{93A7C322-B45E-4D2F-8FCE-8D8CD8B4AD32}"
EndProject
Project("{9A19103F-16F7-4668-BE54-9A1E7A4F7556}") = "MetaDslx.CodeAnalysis", "Main\MetaDslx.CodeAnalysis\MetaDslx.CodeAnalysis.csproj", "{679E9677-911B-44B9-8BD1-AF2A907D1E7F}"
EndProject
Project("{9A19103F-16F7-4668-BE54-9A1E7A4F7556}") = "MetaDslx.CodeAnalysis.Common", "Main\MetaDslx.CodeAnalysis.Common\MetaDslx.CodeAnalysis.Common.csproj", "{53C88B8A-A649-4A2B-87ED-75DBD3B5C3BB}"
EndProject
Project("{FAE04EC0-301F-11D3-BF4B-00C04F79EFBC}") = "MetaDslx.VisualStudio", "Main\MetaDslx.VisualStudio\MetaDslx.VisualStudio.csproj", "{EDB7CFD1-F190-41F1-817D-EB2B11AAFE48}"
EndProject
Project("{9A19103F-16F7-4668-BE54-9A1E7A4F7556}") = "MetaDslx.CodeAnalysis.Meta.Test", "Test\MetaDslx.CodeAnalysis.Meta.Test\MetaDslx.CodeAnalysis.Meta.Test.csproj", "{5FBB3EAC-4F54-4338-8FD5-81C8A4BB6621}"
EndProject
Project("{9A19103F-16F7-4668-BE54-9A1E7A4F7556}") = "MetaDslx.CodeAnalysis.Antlr4.Test", "Test\MetaDslx.CodeAnalysis.Antlr4.Test\MetaDslx.CodeAnalysis.Antlr4.Test.csproj", "{2CC800CB-6B20-43FF-81AE-80439C6BB3DD}"
EndProject
Project("{9A19103F-16F7-4668-BE54-9A1E7A4F7556}") = "MetaDslx.CodeAnalysis.Languages.Test", "Test\MetaDslx.CodeAnalysis.Languages.Test\MetaDslx.CodeAnalysis.Languages.Test.csproj", "{D1207131-5D5F-4C31-9FAA-B77E93DBA89F}"
EndProject
Project("{9A19103F-16F7-4668-BE54-9A1E7A4F7556}") = "MetaDslx.Tests", "Test\MetaDslx.Tests\MetaDslx.Tests.csproj", "{11A6DE1A-36AD-42C8-ACB8-559DF13E2128}"
EndProject
Project("{9A19103F-16F7-4668-BE54-9A1E7A4F7556}") = "MetaDslx.Languages.Mof", "Languages\MetaDslx.Languages.Mof\MetaDslx.Languages.Mof.csproj", "{1168999C-5FF2-43D6-A0D1-619F1323F540}"
EndProject
Project("{9A19103F-16F7-4668-BE54-9A1E7A4F7556}") = "MetaDslx.Languages.Ecore", "Languages\MetaDslx.Languages.Ecore\MetaDslx.Languages.Ecore.csproj", "{49C7C72B-3A37-459E-883A-EC030FD85172}"
EndProject
Project("{9A19103F-16F7-4668-BE54-9A1E7A4F7556}") = "MetaDslx.Languages.Uml-v2.5.1", "Languages\MetaDslx.Languages.Uml-v2.5.1\MetaDslx.Languages.Uml-v2.5.1.csproj", "{B75EE4BD-A7A1-4298-824E-BBCF0074F837}"
EndProject
Project("{9A19103F-16F7-4668-BE54-9A1E7A4F7556}") = "UmlExample", "Examples\UmlExample\UmlExample.csproj", "{6F26D26B-DC30-44FB-A625-4870F11430A1}"
EndProject
Project("{9A19103F-16F7-4668-BE54-9A1E7A4F7556}") = "RailDsl", "Examples\RailDsl\RailDsl.csproj", "{87F24A01-7611-441A-B12D-6E976E8B78E2}"
EndProject
Project("{9A19103F-16F7-4668-BE54-9A1E7A4F7556}") = "MetaDslx.GraphViz", "Main\MetaDslx.GraphViz\MetaDslx.GraphViz.csproj", "{52005E30-22F0-45F5-80E2-DC9FAED0C907}"
EndProject
Project("{9A19103F-16F7-4668-BE54-9A1E7A4F7556}") = "MetaDslx.GraphViz.Test", "Test\MetaDslx.GraphViz.Test\MetaDslx.GraphViz.Test.csproj", "{724B319A-9349-4434-81A9-9EA3C112A030}"
EndProject
Project("{9A19103F-16F7-4668-BE54-9A1E7A4F7556}") = "GraphVizExample", "Examples\GraphVizExample\GraphVizExample.csproj", "{776CEBC3-DA8D-42CC-BBD3-F6B88BD9FE25}"
EndProject
Project("{9A19103F-16F7-4668-BE54-9A1E7A4F7556}") = "WpfDiagramDesigner", "Experiments\WpfDiagramDesigner\WpfDiagramDesigner.csproj", "{D4374883-0B86-4CC1-AB62-DBB90FD0470D}"
EndProject
Project("{FAE04EC0-301F-11D3-BF4B-00C04F79EFBC}") = "Antlr4Intellisense", "Experiments\Antlr4Intellisense\Antlr4Intellisense.csproj", "{9273912C-6FBB-4545-8CEF-17B186F97FD5}"
EndProject
Global
	GlobalSection(SolutionConfigurationPlatforms) = preSolution
		Debug|Any CPU = Debug|Any CPU
		Release|Any CPU = Release|Any CPU
	EndGlobalSection
	GlobalSection(ProjectConfigurationPlatforms) = postSolution
		{4AF052DC-20F4-4F5D-8631-10A458AF86FF}.Debug|Any CPU.ActiveCfg = Debug|Any CPU
		{4AF052DC-20F4-4F5D-8631-10A458AF86FF}.Debug|Any CPU.Build.0 = Debug|Any CPU
		{4AF052DC-20F4-4F5D-8631-10A458AF86FF}.Release|Any CPU.ActiveCfg = Release|Any CPU
		{4AF052DC-20F4-4F5D-8631-10A458AF86FF}.Release|Any CPU.Build.0 = Release|Any CPU
		{AA0ECA5D-DBAF-4E3F-A85F-9F18F8A1C03C}.Debug|Any CPU.ActiveCfg = Debug|Any CPU
		{AA0ECA5D-DBAF-4E3F-A85F-9F18F8A1C03C}.Debug|Any CPU.Build.0 = Debug|Any CPU
		{AA0ECA5D-DBAF-4E3F-A85F-9F18F8A1C03C}.Release|Any CPU.ActiveCfg = Release|Any CPU
		{AA0ECA5D-DBAF-4E3F-A85F-9F18F8A1C03C}.Release|Any CPU.Build.0 = Release|Any CPU
		{BA598C0D-DE63-46C5-9FC0-881D918B3088}.Debug|Any CPU.ActiveCfg = Debug|Any CPU
		{BA598C0D-DE63-46C5-9FC0-881D918B3088}.Debug|Any CPU.Build.0 = Debug|Any CPU
		{BA598C0D-DE63-46C5-9FC0-881D918B3088}.Release|Any CPU.ActiveCfg = Release|Any CPU
		{BA598C0D-DE63-46C5-9FC0-881D918B3088}.Release|Any CPU.Build.0 = Release|Any CPU
		{C317C78A-785A-4D47-A6D1-719ABBCB5EB1}.Debug|Any CPU.ActiveCfg = Debug|Any CPU
		{C317C78A-785A-4D47-A6D1-719ABBCB5EB1}.Debug|Any CPU.Build.0 = Debug|Any CPU
		{C317C78A-785A-4D47-A6D1-719ABBCB5EB1}.Release|Any CPU.ActiveCfg = Release|Any CPU
		{C317C78A-785A-4D47-A6D1-719ABBCB5EB1}.Release|Any CPU.Build.0 = Release|Any CPU
		{2C630C7B-B5C1-4587-9382-D83B10A093EA}.Debug|Any CPU.ActiveCfg = Debug|Any CPU
		{2C630C7B-B5C1-4587-9382-D83B10A093EA}.Debug|Any CPU.Build.0 = Debug|Any CPU
		{2C630C7B-B5C1-4587-9382-D83B10A093EA}.Release|Any CPU.ActiveCfg = Release|Any CPU
		{2C630C7B-B5C1-4587-9382-D83B10A093EA}.Release|Any CPU.Build.0 = Release|Any CPU
		{93A7C322-B45E-4D2F-8FCE-8D8CD8B4AD32}.Debug|Any CPU.ActiveCfg = Debug|Any CPU
		{93A7C322-B45E-4D2F-8FCE-8D8CD8B4AD32}.Debug|Any CPU.Build.0 = Debug|Any CPU
		{93A7C322-B45E-4D2F-8FCE-8D8CD8B4AD32}.Release|Any CPU.ActiveCfg = Release|Any CPU
		{93A7C322-B45E-4D2F-8FCE-8D8CD8B4AD32}.Release|Any CPU.Build.0 = Release|Any CPU
		{679E9677-911B-44B9-8BD1-AF2A907D1E7F}.Debug|Any CPU.ActiveCfg = Debug|Any CPU
		{679E9677-911B-44B9-8BD1-AF2A907D1E7F}.Debug|Any CPU.Build.0 = Debug|Any CPU
		{679E9677-911B-44B9-8BD1-AF2A907D1E7F}.Release|Any CPU.ActiveCfg = Release|Any CPU
		{679E9677-911B-44B9-8BD1-AF2A907D1E7F}.Release|Any CPU.Build.0 = Release|Any CPU
		{53C88B8A-A649-4A2B-87ED-75DBD3B5C3BB}.Debug|Any CPU.ActiveCfg = Debug|Any CPU
		{53C88B8A-A649-4A2B-87ED-75DBD3B5C3BB}.Debug|Any CPU.Build.0 = Debug|Any CPU
		{53C88B8A-A649-4A2B-87ED-75DBD3B5C3BB}.Release|Any CPU.ActiveCfg = Release|Any CPU
		{53C88B8A-A649-4A2B-87ED-75DBD3B5C3BB}.Release|Any CPU.Build.0 = Release|Any CPU
		{EDB7CFD1-F190-41F1-817D-EB2B11AAFE48}.Debug|Any CPU.ActiveCfg = Debug|Any CPU
		{EDB7CFD1-F190-41F1-817D-EB2B11AAFE48}.Debug|Any CPU.Build.0 = Debug|Any CPU
		{EDB7CFD1-F190-41F1-817D-EB2B11AAFE48}.Release|Any CPU.ActiveCfg = Release|Any CPU
		{EDB7CFD1-F190-41F1-817D-EB2B11AAFE48}.Release|Any CPU.Build.0 = Release|Any CPU
		{5FBB3EAC-4F54-4338-8FD5-81C8A4BB6621}.Debug|Any CPU.ActiveCfg = Debug|Any CPU
		{5FBB3EAC-4F54-4338-8FD5-81C8A4BB6621}.Debug|Any CPU.Build.0 = Debug|Any CPU
		{5FBB3EAC-4F54-4338-8FD5-81C8A4BB6621}.Release|Any CPU.ActiveCfg = Release|Any CPU
		{5FBB3EAC-4F54-4338-8FD5-81C8A4BB6621}.Release|Any CPU.Build.0 = Release|Any CPU
		{2CC800CB-6B20-43FF-81AE-80439C6BB3DD}.Debug|Any CPU.ActiveCfg = Debug|Any CPU
		{2CC800CB-6B20-43FF-81AE-80439C6BB3DD}.Debug|Any CPU.Build.0 = Debug|Any CPU
		{2CC800CB-6B20-43FF-81AE-80439C6BB3DD}.Release|Any CPU.ActiveCfg = Release|Any CPU
		{2CC800CB-6B20-43FF-81AE-80439C6BB3DD}.Release|Any CPU.Build.0 = Release|Any CPU
		{D1207131-5D5F-4C31-9FAA-B77E93DBA89F}.Debug|Any CPU.ActiveCfg = Debug|Any CPU
		{D1207131-5D5F-4C31-9FAA-B77E93DBA89F}.Debug|Any CPU.Build.0 = Debug|Any CPU
		{D1207131-5D5F-4C31-9FAA-B77E93DBA89F}.Release|Any CPU.ActiveCfg = Release|Any CPU
		{D1207131-5D5F-4C31-9FAA-B77E93DBA89F}.Release|Any CPU.Build.0 = Release|Any CPU
		{11A6DE1A-36AD-42C8-ACB8-559DF13E2128}.Debug|Any CPU.ActiveCfg = Debug|Any CPU
		{11A6DE1A-36AD-42C8-ACB8-559DF13E2128}.Debug|Any CPU.Build.0 = Debug|Any CPU
		{11A6DE1A-36AD-42C8-ACB8-559DF13E2128}.Release|Any CPU.ActiveCfg = Release|Any CPU
		{11A6DE1A-36AD-42C8-ACB8-559DF13E2128}.Release|Any CPU.Build.0 = Release|Any CPU
		{1168999C-5FF2-43D6-A0D1-619F1323F540}.Debug|Any CPU.ActiveCfg = Debug|Any CPU
		{1168999C-5FF2-43D6-A0D1-619F1323F540}.Debug|Any CPU.Build.0 = Debug|Any CPU
		{1168999C-5FF2-43D6-A0D1-619F1323F540}.Release|Any CPU.ActiveCfg = Release|Any CPU
		{1168999C-5FF2-43D6-A0D1-619F1323F540}.Release|Any CPU.Build.0 = Release|Any CPU
		{49C7C72B-3A37-459E-883A-EC030FD85172}.Debug|Any CPU.ActiveCfg = Debug|Any CPU
		{49C7C72B-3A37-459E-883A-EC030FD85172}.Debug|Any CPU.Build.0 = Debug|Any CPU
		{49C7C72B-3A37-459E-883A-EC030FD85172}.Release|Any CPU.ActiveCfg = Release|Any CPU
		{49C7C72B-3A37-459E-883A-EC030FD85172}.Release|Any CPU.Build.0 = Release|Any CPU
		{B75EE4BD-A7A1-4298-824E-BBCF0074F837}.Debug|Any CPU.ActiveCfg = Debug|Any CPU
		{B75EE4BD-A7A1-4298-824E-BBCF0074F837}.Debug|Any CPU.Build.0 = Debug|Any CPU
		{B75EE4BD-A7A1-4298-824E-BBCF0074F837}.Release|Any CPU.ActiveCfg = Release|Any CPU
		{B75EE4BD-A7A1-4298-824E-BBCF0074F837}.Release|Any CPU.Build.0 = Release|Any CPU
		{6F26D26B-DC30-44FB-A625-4870F11430A1}.Debug|Any CPU.ActiveCfg = Debug|Any CPU
		{6F26D26B-DC30-44FB-A625-4870F11430A1}.Debug|Any CPU.Build.0 = Debug|Any CPU
		{6F26D26B-DC30-44FB-A625-4870F11430A1}.Release|Any CPU.ActiveCfg = Release|Any CPU
		{6F26D26B-DC30-44FB-A625-4870F11430A1}.Release|Any CPU.Build.0 = Release|Any CPU
		{87F24A01-7611-441A-B12D-6E976E8B78E2}.Debug|Any CPU.ActiveCfg = Debug|Any CPU
		{87F24A01-7611-441A-B12D-6E976E8B78E2}.Debug|Any CPU.Build.0 = Debug|Any CPU
		{87F24A01-7611-441A-B12D-6E976E8B78E2}.Release|Any CPU.ActiveCfg = Release|Any CPU
		{87F24A01-7611-441A-B12D-6E976E8B78E2}.Release|Any CPU.Build.0 = Release|Any CPU
		{52005E30-22F0-45F5-80E2-DC9FAED0C907}.Debug|Any CPU.ActiveCfg = Debug|Any CPU
		{52005E30-22F0-45F5-80E2-DC9FAED0C907}.Debug|Any CPU.Build.0 = Debug|Any CPU
		{52005E30-22F0-45F5-80E2-DC9FAED0C907}.Release|Any CPU.ActiveCfg = Release|Any CPU
		{52005E30-22F0-45F5-80E2-DC9FAED0C907}.Release|Any CPU.Build.0 = Release|Any CPU
		{724B319A-9349-4434-81A9-9EA3C112A030}.Debug|Any CPU.ActiveCfg = Debug|Any CPU
		{724B319A-9349-4434-81A9-9EA3C112A030}.Debug|Any CPU.Build.0 = Debug|Any CPU
		{724B319A-9349-4434-81A9-9EA3C112A030}.Release|Any CPU.ActiveCfg = Release|Any CPU
		{724B319A-9349-4434-81A9-9EA3C112A030}.Release|Any CPU.Build.0 = Release|Any CPU
		{776CEBC3-DA8D-42CC-BBD3-F6B88BD9FE25}.Debug|Any CPU.ActiveCfg = Debug|Any CPU
		{776CEBC3-DA8D-42CC-BBD3-F6B88BD9FE25}.Debug|Any CPU.Build.0 = Debug|Any CPU
		{776CEBC3-DA8D-42CC-BBD3-F6B88BD9FE25}.Release|Any CPU.ActiveCfg = Release|Any CPU
		{776CEBC3-DA8D-42CC-BBD3-F6B88BD9FE25}.Release|Any CPU.Build.0 = Release|Any CPU
		{D4374883-0B86-4CC1-AB62-DBB90FD0470D}.Debug|Any CPU.ActiveCfg = Debug|Any CPU
		{D4374883-0B86-4CC1-AB62-DBB90FD0470D}.Debug|Any CPU.Build.0 = Debug|Any CPU
		{D4374883-0B86-4CC1-AB62-DBB90FD0470D}.Release|Any CPU.ActiveCfg = Release|Any CPU
		{D4374883-0B86-4CC1-AB62-DBB90FD0470D}.Release|Any CPU.Build.0 = Release|Any CPU
		{9273912C-6FBB-4545-8CEF-17B186F97FD5}.Debug|Any CPU.ActiveCfg = Debug|Any CPU
		{9273912C-6FBB-4545-8CEF-17B186F97FD5}.Debug|Any CPU.Build.0 = Debug|Any CPU
		{9273912C-6FBB-4545-8CEF-17B186F97FD5}.Release|Any CPU.ActiveCfg = Release|Any CPU
		{9273912C-6FBB-4545-8CEF-17B186F97FD5}.Release|Any CPU.Build.0 = Release|Any CPU
	EndGlobalSection
	GlobalSection(SolutionProperties) = preSolution
		HideSolutionNode = FALSE
	EndGlobalSection
	GlobalSection(ExtensibilityGlobals) = postSolution
		SolutionGuid = {9679F529-73EE-44FA-9184-8BA665EE2E4A}
	EndGlobalSection
EndGlobal
