
Microsoft Visual Studio Solution File, Format Version 12.00
# Visual Studio Version 16
VisualStudioVersion = 16.0.28729.10
MinimumVisualStudioVersion = 10.0.40219.1
Project("{9A19103F-16F7-4668-BE54-9A1E7A4F7556}") = "MetaDslx.CodeAnalysis.Meta", "Main\MetaDslx.CodeAnalysis.Meta\MetaDslx.CodeAnalysis.Meta.csproj", "{AA0ECA5D-DBAF-4E3F-A85F-9F18F8A1C03C}"
EndProject
Project("{9A19103F-16F7-4668-BE54-9A1E7A4F7556}") = "MetaDslx.Languages.Meta", "Main\MetaDslx.Languages.Meta\MetaDslx.Languages.Meta.csproj", "{BA598C0D-DE63-46C5-9FC0-881D918B3088}"
EndProject
Project("{9A19103F-16F7-4668-BE54-9A1E7A4F7556}") = "MetaDslx.Bootstrap", "Test\MetaDslx.Bootstrap\MetaDslx.Bootstrap.csproj", "{C317C78A-785A-4D47-A6D1-719ABBCB5EB1}"
EndProject
Project("{9A19103F-16F7-4668-BE54-9A1E7A4F7556}") = "MetaDslx.CodeAnalysis.Antlr4", "Main\MetaDslx.CodeAnalysis.Antlr4\MetaDslx.CodeAnalysis.Antlr4.csproj", "{2C630C7B-B5C1-4587-9382-D83B10A093EA}"
EndProject
Project("{9A19103F-16F7-4668-BE54-9A1E7A4F7556}") = "MetaDslx.BuildTasks", "Main\MetaDslx.BuildTasks\MetaDslx.BuildTasks.csproj", "{93A7C322-B45E-4D2F-8FCE-8D8CD8B4AD32}"
	ProjectSection(ProjectDependencies) = postProject
		{BD01C76B-61B2-4E78-B57C-0D5258B8BC37} = {BD01C76B-61B2-4E78-B57C-0D5258B8BC37}
	EndProjectSection
EndProject
Project("{9A19103F-16F7-4668-BE54-9A1E7A4F7556}") = "MetaDslx.CodeAnalysis", "Main\MetaDslx.CodeAnalysis\MetaDslx.CodeAnalysis.csproj", "{679E9677-911B-44B9-8BD1-AF2A907D1E7F}"
EndProject
Project("{FAE04EC0-301F-11D3-BF4B-00C04F79EFBC}") = "MetaDslx.VisualStudio", "Main\MetaDslx.VisualStudio\MetaDslx.VisualStudio.csproj", "{EDB7CFD1-F190-41F1-817D-EB2B11AAFE48}"
EndProject
Project("{9A19103F-16F7-4668-BE54-9A1E7A4F7556}") = "MetaDslx.CodeAnalysis.Meta.Test", "Test\MetaDslx.CodeAnalysis.Meta.Test\MetaDslx.CodeAnalysis.Meta.Test.csproj", "{5FBB3EAC-4F54-4338-8FD5-81C8A4BB6621}"
EndProject
Project("{9A19103F-16F7-4668-BE54-9A1E7A4F7556}") = "MetaDslx.CodeAnalysis.Antlr4.Test", "Test\MetaDslx.CodeAnalysis.Antlr4.Test\MetaDslx.CodeAnalysis.Antlr4.Test.csproj", "{2CC800CB-6B20-43FF-81AE-80439C6BB3DD}"
EndProject
Project("{9A19103F-16F7-4668-BE54-9A1E7A4F7556}") = "MetaDslx.CodeAnalysis.Languages.Test", "Test\MetaDslx.CodeAnalysis.Languages.Test\MetaDslx.CodeAnalysis.Languages.Test.csproj", "{D1207131-5D5F-4C31-9FAA-B77E93DBA89F}"
EndProject
Project("{9A19103F-16F7-4668-BE54-9A1E7A4F7556}") = "MetaDslx.Tests", "Test\MetaDslx.Tests\MetaDslx.Tests.csproj", "{11A6DE1A-36AD-42C8-ACB8-559DF13E2128}"
EndProject
Project("{9A19103F-16F7-4668-BE54-9A1E7A4F7556}") = "MetaDslx.Languages.Mof", "Languages\MetaDslx.Languages.Mof\MetaDslx.Languages.Mof.csproj", "{1168999C-5FF2-43D6-A0D1-619F1323F540}"
EndProject
Project("{9A19103F-16F7-4668-BE54-9A1E7A4F7556}") = "MetaDslx.Languages.Ecore", "Languages\MetaDslx.Languages.Ecore\MetaDslx.Languages.Ecore.csproj", "{49C7C72B-3A37-459E-883A-EC030FD85172}"
EndProject
Project("{9A19103F-16F7-4668-BE54-9A1E7A4F7556}") = "MetaDslx.Languages.Uml-v2.5.1", "Languages\MetaDslx.Languages.Uml-v2.5.1\MetaDslx.Languages.Uml-v2.5.1.csproj", "{B75EE4BD-A7A1-4298-824E-BBCF0074F837}"
EndProject
Project("{9A19103F-16F7-4668-BE54-9A1E7A4F7556}") = "UmlExample", "Examples\UmlExample\UmlExample.csproj", "{6F26D26B-DC30-44FB-A625-4870F11430A1}"
EndProject
Project("{9A19103F-16F7-4668-BE54-9A1E7A4F7556}") = "RailDsl", "Examples\RailDsl\RailDsl.csproj", "{87F24A01-7611-441A-B12D-6E976E8B78E2}"
EndProject
Project("{9A19103F-16F7-4668-BE54-9A1E7A4F7556}") = "MetaDslx.GraphViz", "Main\MetaDslx.GraphViz\MetaDslx.GraphViz.csproj", "{52005E30-22F0-45F5-80E2-DC9FAED0C907}"
EndProject
Project("{9A19103F-16F7-4668-BE54-9A1E7A4F7556}") = "MetaDslx.GraphViz.Test", "Test\MetaDslx.GraphViz.Test\MetaDslx.GraphViz.Test.csproj", "{724B319A-9349-4434-81A9-9EA3C112A030}"
EndProject
Project("{9A19103F-16F7-4668-BE54-9A1E7A4F7556}") = "GraphVizExample", "Examples\GraphVizExample\GraphVizExample.csproj", "{776CEBC3-DA8D-42CC-BBD3-F6B88BD9FE25}"
EndProject
Project("{9A19103F-16F7-4668-BE54-9A1E7A4F7556}") = "WpfDiagramDesigner", "Experiments\WpfDiagramDesigner\WpfDiagramDesigner.csproj", "{D4374883-0B86-4CC1-AB62-DBB90FD0470D}"
EndProject
Project("{9A19103F-16F7-4668-BE54-9A1E7A4F7556}") = "Antlr4Intellisense", "Experiments\Antlr4Intellisense\Antlr4Intellisense.csproj", "{9273912C-6FBB-4545-8CEF-17B186F97FD5}"
EndProject
Project("{9A19103F-16F7-4668-BE54-9A1E7A4F7556}") = "MetaDslx.BuildTools", "Main\MetaDslx.BuildTools\MetaDslx.BuildTools.csproj", "{BD01C76B-61B2-4E78-B57C-0D5258B8BC37}"
EndProject
Project("{9A19103F-16F7-4668-BE54-9A1E7A4F7556}") = "MetaDslx.Bootstrap.MetaModel", "Bootstrap\MetaDslx.Bootstrap.MetaModel\MetaDslx.Bootstrap.MetaModel.csproj", "{85ADE307-270A-4F7F-83B4-2B280B8D551B}"
EndProject
Project("{9A19103F-16F7-4668-BE54-9A1E7A4F7556}") = "MetaDslx.Bootstrap.MetaGenerator", "Bootstrap\MetaDslx.Bootstrap.MetaGenerator\MetaDslx.Bootstrap.MetaGenerator.csproj", "{52B362EB-7792-4F90-81C5-487F73F0DF55}"
EndProject
Project("{9A19103F-16F7-4668-BE54-9A1E7A4F7556}") = "MetaDslx.Bootstrap.Antlr4Roslyn", "Bootstrap\MetaDslx.Bootstrap.Antlr4Roslyn\MetaDslx.Bootstrap.Antlr4Roslyn.csproj", "{071978EF-0129-4131-AD91-EB6B0DF151D3}"
EndProject
Project("{9A19103F-16F7-4668-BE54-9A1E7A4F7556}") = "MetaDslx.Bootstrap.IncrementalCompiler", "Bootstrap\MetaDslx.Bootstrap.IncrementalCompiler\MetaDslx.Bootstrap.IncrementalCompiler.csproj", "{B9BCD87E-7EA0-4ABA-8F3C-145DF8C49826}"
EndProject
Project("{9A19103F-16F7-4668-BE54-9A1E7A4F7556}") = "MetaDslx.CodeAnalysis.Analyzers", "Main\MetaDslx.CodeAnalysis.Analyzers\MetaDslx.CodeAnalysis.Analyzers.csproj", "{ED9751A7-437D-4427-A804-CB80F8A4986A}"
EndProject
Project("{9A19103F-16F7-4668-BE54-9A1E7A4F7556}") = "MetaDslx.Bootstrap.SourceGenerators", "Bootstrap\MetaDslx.Bootstrap.SourceGenerators\MetaDslx.Bootstrap.SourceGenerators.csproj", "{AC71D814-559C-45C1-AF6A-81C77173AB12}"
EndProject
Project("{9A19103F-16F7-4668-BE54-9A1E7A4F7556}") = "GeneratedSourceSymbols", "Experiments\GeneratedSourceSymbols\GeneratedSourceSymbols.csproj", "{E8653657-27AC-44E8-A36E-CD837A39A135}"
EndProject
Project("{9A19103F-16F7-4668-BE54-9A1E7A4F7556}") = "MetaDslx.CodeAnalysis.Common", "Roslyn\MetaDslx.CodeAnalysis.Common\MetaDslx.CodeAnalysis.Common.csproj", "{A9F769BA-42E5-4EE2-B985-B17827C0BDE8}"
EndProject
Project("{9A19103F-16F7-4668-BE54-9A1E7A4F7556}") = "MetaDslx.CodeAnalysis.CSharp", "Roslyn\MetaDslx.CodeAnalysis.CSharp\MetaDslx.CodeAnalysis.CSharp.csproj", "{952C643E-3F9F-4CD0-A50A-9AB5612443D9}"
EndProject
Project("{9A19103F-16F7-4668-BE54-9A1E7A4F7556}") = "EcoreExample", "Examples\EcoreExample\EcoreExample.csproj", "{B6A5F076-ACD0-4E8B-953F-09BD43F92F36}"
EndProject
Project("{FAE04EC0-301F-11D3-BF4B-00C04F79EFBC}") = "MetaDslx.Languages.Core", "Main\MetaDslx.Languages.Core\MetaDslx.Languages.Core.csproj", "{8DAE6353-3B78-4B0C-AFD2-5BC2990FBEB4}"
EndProject
Global
	GlobalSection(SharedMSBuildProjectFiles) = preSolution
		Roslyn\CSharpAnalyzerDriver\CSharpAnalyzerDriver.projitems*{952c643e-3f9f-4cd0-a50a-9ab5612443d9}*SharedItemsImports = 5
		Roslyn\AnalyzerDriver\AnalyzerDriver.projitems*{a9f769ba-42e5-4ee2-b985-b17827c0bde8}*SharedItemsImports = 5
		Roslyn\CodeAnalysis.Debugging\Microsoft.CodeAnalysis.Debugging.projitems*{a9f769ba-42e5-4ee2-b985-b17827c0bde8}*SharedItemsImports = 5
		Roslyn\Collections\Microsoft.CodeAnalysis.Collections.projitems*{a9f769ba-42e5-4ee2-b985-b17827c0bde8}*SharedItemsImports = 5
		Roslyn\PooledObjects\Microsoft.CodeAnalysis.PooledObjects.projitems*{a9f769ba-42e5-4ee2-b985-b17827c0bde8}*SharedItemsImports = 5
	EndGlobalSection
	GlobalSection(SolutionConfigurationPlatforms) = preSolution
		Debug|Any CPU = Debug|Any CPU
		Release|Any CPU = Release|Any CPU
	EndGlobalSection
	GlobalSection(ProjectConfigurationPlatforms) = postSolution
		{AA0ECA5D-DBAF-4E3F-A85F-9F18F8A1C03C}.Debug|Any CPU.ActiveCfg = Debug|Any CPU
		{AA0ECA5D-DBAF-4E3F-A85F-9F18F8A1C03C}.Debug|Any CPU.Build.0 = Debug|Any CPU
		{AA0ECA5D-DBAF-4E3F-A85F-9F18F8A1C03C}.Release|Any CPU.ActiveCfg = Release|Any CPU
		{AA0ECA5D-DBAF-4E3F-A85F-9F18F8A1C03C}.Release|Any CPU.Build.0 = Release|Any CPU
		{BA598C0D-DE63-46C5-9FC0-881D918B3088}.Debug|Any CPU.ActiveCfg = Debug|Any CPU
		{BA598C0D-DE63-46C5-9FC0-881D918B3088}.Debug|Any CPU.Build.0 = Debug|Any CPU
		{BA598C0D-DE63-46C5-9FC0-881D918B3088}.Release|Any CPU.ActiveCfg = Release|Any CPU
		{BA598C0D-DE63-46C5-9FC0-881D918B3088}.Release|Any CPU.Build.0 = Release|Any CPU
		{C317C78A-785A-4D47-A6D1-719ABBCB5EB1}.Debug|Any CPU.ActiveCfg = Debug|Any CPU
		{C317C78A-785A-4D47-A6D1-719ABBCB5EB1}.Debug|Any CPU.Build.0 = Debug|Any CPU
		{C317C78A-785A-4D47-A6D1-719ABBCB5EB1}.Release|Any CPU.ActiveCfg = Release|Any CPU
		{C317C78A-785A-4D47-A6D1-719ABBCB5EB1}.Release|Any CPU.Build.0 = Release|Any CPU
		{2C630C7B-B5C1-4587-9382-D83B10A093EA}.Debug|Any CPU.ActiveCfg = Debug|Any CPU
		{2C630C7B-B5C1-4587-9382-D83B10A093EA}.Debug|Any CPU.Build.0 = Debug|Any CPU
		{2C630C7B-B5C1-4587-9382-D83B10A093EA}.Release|Any CPU.ActiveCfg = Release|Any CPU
		{2C630C7B-B5C1-4587-9382-D83B10A093EA}.Release|Any CPU.Build.0 = Release|Any CPU
		{93A7C322-B45E-4D2F-8FCE-8D8CD8B4AD32}.Debug|Any CPU.ActiveCfg = Debug|Any CPU
		{93A7C322-B45E-4D2F-8FCE-8D8CD8B4AD32}.Debug|Any CPU.Build.0 = Debug|Any CPU
		{93A7C322-B45E-4D2F-8FCE-8D8CD8B4AD32}.Release|Any CPU.ActiveCfg = Release|Any CPU
		{93A7C322-B45E-4D2F-8FCE-8D8CD8B4AD32}.Release|Any CPU.Build.0 = Release|Any CPU
		{679E9677-911B-44B9-8BD1-AF2A907D1E7F}.Debug|Any CPU.ActiveCfg = Debug|Any CPU
		{679E9677-911B-44B9-8BD1-AF2A907D1E7F}.Debug|Any CPU.Build.0 = Debug|Any CPU
		{679E9677-911B-44B9-8BD1-AF2A907D1E7F}.Release|Any CPU.ActiveCfg = Release|Any CPU
		{679E9677-911B-44B9-8BD1-AF2A907D1E7F}.Release|Any CPU.Build.0 = Release|Any CPU
		{EDB7CFD1-F190-41F1-817D-EB2B11AAFE48}.Debug|Any CPU.ActiveCfg = Debug|Any CPU
		{EDB7CFD1-F190-41F1-817D-EB2B11AAFE48}.Debug|Any CPU.Build.0 = Debug|Any CPU
		{EDB7CFD1-F190-41F1-817D-EB2B11AAFE48}.Release|Any CPU.ActiveCfg = Release|Any CPU
		{EDB7CFD1-F190-41F1-817D-EB2B11AAFE48}.Release|Any CPU.Build.0 = Release|Any CPU
		{5FBB3EAC-4F54-4338-8FD5-81C8A4BB6621}.Debug|Any CPU.ActiveCfg = Debug|Any CPU
		{5FBB3EAC-4F54-4338-8FD5-81C8A4BB6621}.Debug|Any CPU.Build.0 = Debug|Any CPU
		{5FBB3EAC-4F54-4338-8FD5-81C8A4BB6621}.Release|Any CPU.ActiveCfg = Release|Any CPU
		{5FBB3EAC-4F54-4338-8FD5-81C8A4BB6621}.Release|Any CPU.Build.0 = Release|Any CPU
		{2CC800CB-6B20-43FF-81AE-80439C6BB3DD}.Debug|Any CPU.ActiveCfg = Debug|Any CPU
		{2CC800CB-6B20-43FF-81AE-80439C6BB3DD}.Debug|Any CPU.Build.0 = Debug|Any CPU
		{2CC800CB-6B20-43FF-81AE-80439C6BB3DD}.Release|Any CPU.ActiveCfg = Release|Any CPU
		{2CC800CB-6B20-43FF-81AE-80439C6BB3DD}.Release|Any CPU.Build.0 = Release|Any CPU
		{D1207131-5D5F-4C31-9FAA-B77E93DBA89F}.Debug|Any CPU.ActiveCfg = Debug|Any CPU
		{D1207131-5D5F-4C31-9FAA-B77E93DBA89F}.Debug|Any CPU.Build.0 = Debug|Any CPU
		{D1207131-5D5F-4C31-9FAA-B77E93DBA89F}.Release|Any CPU.ActiveCfg = Release|Any CPU
		{D1207131-5D5F-4C31-9FAA-B77E93DBA89F}.Release|Any CPU.Build.0 = Release|Any CPU
		{11A6DE1A-36AD-42C8-ACB8-559DF13E2128}.Debug|Any CPU.ActiveCfg = Debug|Any CPU
		{11A6DE1A-36AD-42C8-ACB8-559DF13E2128}.Debug|Any CPU.Build.0 = Debug|Any CPU
		{11A6DE1A-36AD-42C8-ACB8-559DF13E2128}.Release|Any CPU.ActiveCfg = Release|Any CPU
		{11A6DE1A-36AD-42C8-ACB8-559DF13E2128}.Release|Any CPU.Build.0 = Release|Any CPU
		{1168999C-5FF2-43D6-A0D1-619F1323F540}.Debug|Any CPU.ActiveCfg = Debug|Any CPU
		{1168999C-5FF2-43D6-A0D1-619F1323F540}.Debug|Any CPU.Build.0 = Debug|Any CPU
		{1168999C-5FF2-43D6-A0D1-619F1323F540}.Release|Any CPU.ActiveCfg = Release|Any CPU
		{1168999C-5FF2-43D6-A0D1-619F1323F540}.Release|Any CPU.Build.0 = Release|Any CPU
		{49C7C72B-3A37-459E-883A-EC030FD85172}.Debug|Any CPU.ActiveCfg = Debug|Any CPU
		{49C7C72B-3A37-459E-883A-EC030FD85172}.Debug|Any CPU.Build.0 = Debug|Any CPU
		{49C7C72B-3A37-459E-883A-EC030FD85172}.Release|Any CPU.ActiveCfg = Release|Any CPU
		{49C7C72B-3A37-459E-883A-EC030FD85172}.Release|Any CPU.Build.0 = Release|Any CPU
		{B75EE4BD-A7A1-4298-824E-BBCF0074F837}.Debug|Any CPU.ActiveCfg = Debug|Any CPU
		{B75EE4BD-A7A1-4298-824E-BBCF0074F837}.Debug|Any CPU.Build.0 = Debug|Any CPU
		{B75EE4BD-A7A1-4298-824E-BBCF0074F837}.Release|Any CPU.ActiveCfg = Release|Any CPU
		{B75EE4BD-A7A1-4298-824E-BBCF0074F837}.Release|Any CPU.Build.0 = Release|Any CPU
		{6F26D26B-DC30-44FB-A625-4870F11430A1}.Debug|Any CPU.ActiveCfg = Debug|Any CPU
		{6F26D26B-DC30-44FB-A625-4870F11430A1}.Debug|Any CPU.Build.0 = Debug|Any CPU
		{6F26D26B-DC30-44FB-A625-4870F11430A1}.Release|Any CPU.ActiveCfg = Release|Any CPU
		{6F26D26B-DC30-44FB-A625-4870F11430A1}.Release|Any CPU.Build.0 = Release|Any CPU
		{87F24A01-7611-441A-B12D-6E976E8B78E2}.Debug|Any CPU.ActiveCfg = Debug|Any CPU
		{87F24A01-7611-441A-B12D-6E976E8B78E2}.Debug|Any CPU.Build.0 = Debug|Any CPU
		{87F24A01-7611-441A-B12D-6E976E8B78E2}.Release|Any CPU.ActiveCfg = Release|Any CPU
		{87F24A01-7611-441A-B12D-6E976E8B78E2}.Release|Any CPU.Build.0 = Release|Any CPU
		{52005E30-22F0-45F5-80E2-DC9FAED0C907}.Debug|Any CPU.ActiveCfg = Debug|Any CPU
		{52005E30-22F0-45F5-80E2-DC9FAED0C907}.Debug|Any CPU.Build.0 = Debug|Any CPU
		{52005E30-22F0-45F5-80E2-DC9FAED0C907}.Release|Any CPU.ActiveCfg = Release|Any CPU
		{52005E30-22F0-45F5-80E2-DC9FAED0C907}.Release|Any CPU.Build.0 = Release|Any CPU
		{724B319A-9349-4434-81A9-9EA3C112A030}.Debug|Any CPU.ActiveCfg = Debug|Any CPU
		{724B319A-9349-4434-81A9-9EA3C112A030}.Debug|Any CPU.Build.0 = Debug|Any CPU
		{724B319A-9349-4434-81A9-9EA3C112A030}.Release|Any CPU.ActiveCfg = Release|Any CPU
		{724B319A-9349-4434-81A9-9EA3C112A030}.Release|Any CPU.Build.0 = Release|Any CPU
		{776CEBC3-DA8D-42CC-BBD3-F6B88BD9FE25}.Debug|Any CPU.ActiveCfg = Debug|Any CPU
		{776CEBC3-DA8D-42CC-BBD3-F6B88BD9FE25}.Debug|Any CPU.Build.0 = Debug|Any CPU
		{776CEBC3-DA8D-42CC-BBD3-F6B88BD9FE25}.Release|Any CPU.ActiveCfg = Release|Any CPU
		{776CEBC3-DA8D-42CC-BBD3-F6B88BD9FE25}.Release|Any CPU.Build.0 = Release|Any CPU
		{D4374883-0B86-4CC1-AB62-DBB90FD0470D}.Debug|Any CPU.ActiveCfg = Debug|Any CPU
		{D4374883-0B86-4CC1-AB62-DBB90FD0470D}.Debug|Any CPU.Build.0 = Debug|Any CPU
		{D4374883-0B86-4CC1-AB62-DBB90FD0470D}.Release|Any CPU.ActiveCfg = Release|Any CPU
		{D4374883-0B86-4CC1-AB62-DBB90FD0470D}.Release|Any CPU.Build.0 = Release|Any CPU
		{9273912C-6FBB-4545-8CEF-17B186F97FD5}.Debug|Any CPU.ActiveCfg = Debug|Any CPU
		{9273912C-6FBB-4545-8CEF-17B186F97FD5}.Debug|Any CPU.Build.0 = Debug|Any CPU
		{9273912C-6FBB-4545-8CEF-17B186F97FD5}.Release|Any CPU.ActiveCfg = Release|Any CPU
		{9273912C-6FBB-4545-8CEF-17B186F97FD5}.Release|Any CPU.Build.0 = Release|Any CPU
		{BD01C76B-61B2-4E78-B57C-0D5258B8BC37}.Debug|Any CPU.ActiveCfg = Debug|Any CPU
		{BD01C76B-61B2-4E78-B57C-0D5258B8BC37}.Debug|Any CPU.Build.0 = Debug|Any CPU
		{BD01C76B-61B2-4E78-B57C-0D5258B8BC37}.Release|Any CPU.ActiveCfg = Release|Any CPU
		{BD01C76B-61B2-4E78-B57C-0D5258B8BC37}.Release|Any CPU.Build.0 = Release|Any CPU
		{85ADE307-270A-4F7F-83B4-2B280B8D551B}.Debug|Any CPU.ActiveCfg = Debug|Any CPU
		{85ADE307-270A-4F7F-83B4-2B280B8D551B}.Debug|Any CPU.Build.0 = Debug|Any CPU
		{85ADE307-270A-4F7F-83B4-2B280B8D551B}.Release|Any CPU.ActiveCfg = Release|Any CPU
		{85ADE307-270A-4F7F-83B4-2B280B8D551B}.Release|Any CPU.Build.0 = Release|Any CPU
		{52B362EB-7792-4F90-81C5-487F73F0DF55}.Debug|Any CPU.ActiveCfg = Debug|Any CPU
		{52B362EB-7792-4F90-81C5-487F73F0DF55}.Debug|Any CPU.Build.0 = Debug|Any CPU
		{52B362EB-7792-4F90-81C5-487F73F0DF55}.Release|Any CPU.ActiveCfg = Release|Any CPU
		{52B362EB-7792-4F90-81C5-487F73F0DF55}.Release|Any CPU.Build.0 = Release|Any CPU
		{071978EF-0129-4131-AD91-EB6B0DF151D3}.Debug|Any CPU.ActiveCfg = Debug|Any CPU
		{071978EF-0129-4131-AD91-EB6B0DF151D3}.Debug|Any CPU.Build.0 = Debug|Any CPU
		{071978EF-0129-4131-AD91-EB6B0DF151D3}.Release|Any CPU.ActiveCfg = Release|Any CPU
		{071978EF-0129-4131-AD91-EB6B0DF151D3}.Release|Any CPU.Build.0 = Release|Any CPU
		{B9BCD87E-7EA0-4ABA-8F3C-145DF8C49826}.Debug|Any CPU.ActiveCfg = Debug|Any CPU
		{B9BCD87E-7EA0-4ABA-8F3C-145DF8C49826}.Debug|Any CPU.Build.0 = Debug|Any CPU
		{B9BCD87E-7EA0-4ABA-8F3C-145DF8C49826}.Release|Any CPU.ActiveCfg = Release|Any CPU
		{B9BCD87E-7EA0-4ABA-8F3C-145DF8C49826}.Release|Any CPU.Build.0 = Release|Any CPU
		{ED9751A7-437D-4427-A804-CB80F8A4986A}.Debug|Any CPU.ActiveCfg = Debug|Any CPU
		{ED9751A7-437D-4427-A804-CB80F8A4986A}.Debug|Any CPU.Build.0 = Debug|Any CPU
		{ED9751A7-437D-4427-A804-CB80F8A4986A}.Release|Any CPU.ActiveCfg = Release|Any CPU
		{ED9751A7-437D-4427-A804-CB80F8A4986A}.Release|Any CPU.Build.0 = Release|Any CPU
		{AC71D814-559C-45C1-AF6A-81C77173AB12}.Debug|Any CPU.ActiveCfg = Debug|Any CPU
		{AC71D814-559C-45C1-AF6A-81C77173AB12}.Debug|Any CPU.Build.0 = Debug|Any CPU
		{AC71D814-559C-45C1-AF6A-81C77173AB12}.Release|Any CPU.ActiveCfg = Release|Any CPU
		{AC71D814-559C-45C1-AF6A-81C77173AB12}.Release|Any CPU.Build.0 = Release|Any CPU
		{E8653657-27AC-44E8-A36E-CD837A39A135}.Debug|Any CPU.ActiveCfg = Debug|Any CPU
		{E8653657-27AC-44E8-A36E-CD837A39A135}.Debug|Any CPU.Build.0 = Debug|Any CPU
		{E8653657-27AC-44E8-A36E-CD837A39A135}.Release|Any CPU.ActiveCfg = Release|Any CPU
		{E8653657-27AC-44E8-A36E-CD837A39A135}.Release|Any CPU.Build.0 = Release|Any CPU
		{A9F769BA-42E5-4EE2-B985-B17827C0BDE8}.Debug|Any CPU.ActiveCfg = Debug|Any CPU
		{A9F769BA-42E5-4EE2-B985-B17827C0BDE8}.Debug|Any CPU.Build.0 = Debug|Any CPU
		{A9F769BA-42E5-4EE2-B985-B17827C0BDE8}.Release|Any CPU.ActiveCfg = Release|Any CPU
		{A9F769BA-42E5-4EE2-B985-B17827C0BDE8}.Release|Any CPU.Build.0 = Release|Any CPU
		{952C643E-3F9F-4CD0-A50A-9AB5612443D9}.Debug|Any CPU.ActiveCfg = Debug|Any CPU
		{952C643E-3F9F-4CD0-A50A-9AB5612443D9}.Debug|Any CPU.Build.0 = Debug|Any CPU
		{952C643E-3F9F-4CD0-A50A-9AB5612443D9}.Release|Any CPU.ActiveCfg = Release|Any CPU
		{952C643E-3F9F-4CD0-A50A-9AB5612443D9}.Release|Any CPU.Build.0 = Release|Any CPU
		{B6A5F076-ACD0-4E8B-953F-09BD43F92F36}.Debug|Any CPU.ActiveCfg = Debug|Any CPU
		{B6A5F076-ACD0-4E8B-953F-09BD43F92F36}.Debug|Any CPU.Build.0 = Debug|Any CPU
		{B6A5F076-ACD0-4E8B-953F-09BD43F92F36}.Release|Any CPU.ActiveCfg = Release|Any CPU
		{B6A5F076-ACD0-4E8B-953F-09BD43F92F36}.Release|Any CPU.Build.0 = Release|Any CPU
		{8DAE6353-3B78-4B0C-AFD2-5BC2990FBEB4}.Debug|Any CPU.ActiveCfg = Debug|Any CPU
		{8DAE6353-3B78-4B0C-AFD2-5BC2990FBEB4}.Debug|Any CPU.Build.0 = Debug|Any CPU
		{8DAE6353-3B78-4B0C-AFD2-5BC2990FBEB4}.Release|Any CPU.ActiveCfg = Release|Any CPU
		{8DAE6353-3B78-4B0C-AFD2-5BC2990FBEB4}.Release|Any CPU.Build.0 = Release|Any CPU
	EndGlobalSection
	GlobalSection(SolutionProperties) = preSolution
		HideSolutionNode = FALSE
	EndGlobalSection
	GlobalSection(ExtensibilityGlobals) = postSolution
		SolutionGuid = {9679F529-73EE-44FA-9184-8BA665EE2E4A}
	EndGlobalSection
EndGlobal
