
Microsoft Visual Studio Solution File, Format Version 12.00
# Visual Studio 14
VisualStudioVersion = 14.0.25420.1
MinimumVisualStudioVersion = 10.0.40219.1
Project("{FAE04EC0-301F-11D3-BF4B-00C04F79EFBC}") = "MetaDslx.Core.Test", "Test\MetaDslx.Core.Test\MetaDslx.Core.Test.csproj", "{31F5D0D7-2A21-4BC7-93C6-4B411698FCE6}"
EndProject
Project("{FAE04EC0-301F-11D3-BF4B-00C04F79EFBC}") = "MetaDslx.Core", "Main\MetaDslx.Core\MetaDslx.Core.csproj", "{0C605C74-47DD-4316-AE55-AD65FCD34DDB}"
EndProject
Project("{FAE04EC0-301F-11D3-BF4B-00C04F79EFBC}") = "MetaDslx.TempConsole", "Test\MetaDslx.TempConsole\MetaDslx.TempConsole.csproj", "{1A680A2D-00C2-411E-90C2-5A5912CF2DA3}"
EndProject
Project("{FAE04EC0-301F-11D3-BF4B-00C04F79EFBC}") = "MetaDslx.VisualStudio", "Main\MetaDslx.VisualStudio\MetaDslx.VisualStudio.csproj", "{C1D34529-0F79-4E43-B9E6-497BB3C80EA0}"
EndProject
Project("{FAE04EC0-301F-11D3-BF4B-00C04F79EFBC}") = "MetaDslx.VisualStudio.MetaModelTemplate", "Main\MetaDslx.VisualStudio.MetaModelTemplate\MetaDslx.VisualStudio.MetaModelTemplate.csproj", "{2D2331C9-F9AD-44DF-A92F-D1D8B8BD55BC}"
EndProject
Project("{FAE04EC0-301F-11D3-BF4B-00C04F79EFBC}") = "MetaDslx.VisualStudio.MetaGeneratorTemplate", "Main\MetaDslx.VisualStudio.MetaGeneratorTemplate\MetaDslx.VisualStudio.MetaGeneratorTemplate.csproj", "{53753507-98E0-4265-B111-1628F00C01D3}"
EndProject
Project("{FAE04EC0-301F-11D3-BF4B-00C04F79EFBC}") = "MetaDslx.VisualStudio.AnnotatedAntlr4Template", "Main\MetaDslx.VisualStudio.AnnotatedAntlr4Template\MetaDslx.VisualStudio.AnnotatedAntlr4Template.csproj", "{09DE6D64-0132-48F3-A46B-4A0E659C84EC}"
EndProject
Project("{FAE04EC0-301F-11D3-BF4B-00C04F79EFBC}") = "MetaDslx.Languages.Calculator", "Samples\MetaDslx.Languages.Calculator\MetaDslx.Languages.Calculator.csproj", "{C7BD8655-44D1-46A5-9FD9-7487C41538DB}"
EndProject
Project("{FAE04EC0-301F-11D3-BF4B-00C04F79EFBC}") = "MetaDslx.Compiler.Antlr4", "Main\MetaDslx.Compiler.Antlr4\MetaDslx.Compiler.Antlr4.csproj", "{D31D2069-6F71-4208-AA67-60AE8104CDC6}"
EndProject
Project("{FAE04EC0-301F-11D3-BF4B-00C04F79EFBC}") = "MetaDslx.Languages.Soal", "Samples\MetaDslx.Languages.Soal\MetaDslx.Languages.Soal.csproj", "{9D723D66-E324-4EC4-96E5-B246F3D9E812}"
EndProject
Project("{FAE04EC0-301F-11D3-BF4B-00C04F79EFBC}") = "MetaDslx.Languages.Soal.Test", "Test\MetaDslx.Languages.Soal.Test\MetaDslx.Languages.Soal.Test.csproj", "{94E5D566-B5FF-4EE0-9C9C-53ECFDA0C70C}"
EndProject
Global
	GlobalSection(SolutionConfigurationPlatforms) = preSolution
		Debug|Any CPU = Debug|Any CPU
		Release|Any CPU = Release|Any CPU
	EndGlobalSection
	GlobalSection(ProjectConfigurationPlatforms) = postSolution
		{31F5D0D7-2A21-4BC7-93C6-4B411698FCE6}.Debug|Any CPU.ActiveCfg = Debug|Any CPU
		{31F5D0D7-2A21-4BC7-93C6-4B411698FCE6}.Debug|Any CPU.Build.0 = Debug|Any CPU
		{31F5D0D7-2A21-4BC7-93C6-4B411698FCE6}.Release|Any CPU.ActiveCfg = Release|Any CPU
		{31F5D0D7-2A21-4BC7-93C6-4B411698FCE6}.Release|Any CPU.Build.0 = Release|Any CPU
		{0C605C74-47DD-4316-AE55-AD65FCD34DDB}.Debug|Any CPU.ActiveCfg = Debug|Any CPU
		{0C605C74-47DD-4316-AE55-AD65FCD34DDB}.Debug|Any CPU.Build.0 = Debug|Any CPU
		{0C605C74-47DD-4316-AE55-AD65FCD34DDB}.Release|Any CPU.ActiveCfg = Release|Any CPU
		{0C605C74-47DD-4316-AE55-AD65FCD34DDB}.Release|Any CPU.Build.0 = Release|Any CPU
		{1A680A2D-00C2-411E-90C2-5A5912CF2DA3}.Debug|Any CPU.ActiveCfg = Debug|Any CPU
		{1A680A2D-00C2-411E-90C2-5A5912CF2DA3}.Debug|Any CPU.Build.0 = Debug|Any CPU
		{1A680A2D-00C2-411E-90C2-5A5912CF2DA3}.Release|Any CPU.ActiveCfg = Release|Any CPU
		{1A680A2D-00C2-411E-90C2-5A5912CF2DA3}.Release|Any CPU.Build.0 = Release|Any CPU
		{C1D34529-0F79-4E43-B9E6-497BB3C80EA0}.Debug|Any CPU.ActiveCfg = Debug|Any CPU
		{C1D34529-0F79-4E43-B9E6-497BB3C80EA0}.Debug|Any CPU.Build.0 = Debug|Any CPU
		{C1D34529-0F79-4E43-B9E6-497BB3C80EA0}.Release|Any CPU.ActiveCfg = Release|Any CPU
		{C1D34529-0F79-4E43-B9E6-497BB3C80EA0}.Release|Any CPU.Build.0 = Release|Any CPU
		{2D2331C9-F9AD-44DF-A92F-D1D8B8BD55BC}.Debug|Any CPU.ActiveCfg = Debug|Any CPU
		{2D2331C9-F9AD-44DF-A92F-D1D8B8BD55BC}.Debug|Any CPU.Build.0 = Debug|Any CPU
		{2D2331C9-F9AD-44DF-A92F-D1D8B8BD55BC}.Release|Any CPU.ActiveCfg = Release|Any CPU
		{2D2331C9-F9AD-44DF-A92F-D1D8B8BD55BC}.Release|Any CPU.Build.0 = Release|Any CPU
		{53753507-98E0-4265-B111-1628F00C01D3}.Debug|Any CPU.ActiveCfg = Debug|Any CPU
		{53753507-98E0-4265-B111-1628F00C01D3}.Debug|Any CPU.Build.0 = Debug|Any CPU
		{53753507-98E0-4265-B111-1628F00C01D3}.Release|Any CPU.ActiveCfg = Release|Any CPU
		{53753507-98E0-4265-B111-1628F00C01D3}.Release|Any CPU.Build.0 = Release|Any CPU
		{09DE6D64-0132-48F3-A46B-4A0E659C84EC}.Debug|Any CPU.ActiveCfg = Debug|Any CPU
		{09DE6D64-0132-48F3-A46B-4A0E659C84EC}.Debug|Any CPU.Build.0 = Debug|Any CPU
		{09DE6D64-0132-48F3-A46B-4A0E659C84EC}.Release|Any CPU.ActiveCfg = Release|Any CPU
		{09DE6D64-0132-48F3-A46B-4A0E659C84EC}.Release|Any CPU.Build.0 = Release|Any CPU
		{C7BD8655-44D1-46A5-9FD9-7487C41538DB}.Debug|Any CPU.ActiveCfg = Debug|Any CPU
		{C7BD8655-44D1-46A5-9FD9-7487C41538DB}.Debug|Any CPU.Build.0 = Debug|Any CPU
		{C7BD8655-44D1-46A5-9FD9-7487C41538DB}.Release|Any CPU.ActiveCfg = Release|Any CPU
		{C7BD8655-44D1-46A5-9FD9-7487C41538DB}.Release|Any CPU.Build.0 = Release|Any CPU
		{D31D2069-6F71-4208-AA67-60AE8104CDC6}.Debug|Any CPU.ActiveCfg = Debug|Any CPU
		{D31D2069-6F71-4208-AA67-60AE8104CDC6}.Debug|Any CPU.Build.0 = Debug|Any CPU
		{D31D2069-6F71-4208-AA67-60AE8104CDC6}.Release|Any CPU.ActiveCfg = Release|Any CPU
		{D31D2069-6F71-4208-AA67-60AE8104CDC6}.Release|Any CPU.Build.0 = Release|Any CPU
		{9D723D66-E324-4EC4-96E5-B246F3D9E812}.Debug|Any CPU.ActiveCfg = Debug|Any CPU
		{9D723D66-E324-4EC4-96E5-B246F3D9E812}.Debug|Any CPU.Build.0 = Debug|Any CPU
		{9D723D66-E324-4EC4-96E5-B246F3D9E812}.Release|Any CPU.ActiveCfg = Release|Any CPU
		{9D723D66-E324-4EC4-96E5-B246F3D9E812}.Release|Any CPU.Build.0 = Release|Any CPU
		{94E5D566-B5FF-4EE0-9C9C-53ECFDA0C70C}.Debug|Any CPU.ActiveCfg = Debug|Any CPU
		{94E5D566-B5FF-4EE0-9C9C-53ECFDA0C70C}.Debug|Any CPU.Build.0 = Debug|Any CPU
		{94E5D566-B5FF-4EE0-9C9C-53ECFDA0C70C}.Release|Any CPU.ActiveCfg = Release|Any CPU
		{94E5D566-B5FF-4EE0-9C9C-53ECFDA0C70C}.Release|Any CPU.Build.0 = Release|Any CPU
	EndGlobalSection
	GlobalSection(SolutionProperties) = preSolution
		HideSolutionNode = FALSE
	EndGlobalSection
EndGlobal
